
Microsoft Visual Studio Solution File, Format Version 12.00
# Visual Studio Version 17
VisualStudioVersion = 17.11.35312.102
MinimumVisualStudioVersion = 10.0.40219.1
Project("{FAE04EC0-301F-11D3-BF4B-00C04F79EFBC}") = "NotificationService", "NotificationService.csproj", "{089A7881-9150-4595-9C35-937E449DB86C}"
EndProject
Project("{FAE04EC0-301F-11D3-BF4B-00C04F79EFBC}") = "NotificationService.UnitTests", "tests\NotificationService.UnitTests\NotificationService.UnitTests.csproj", "{D34DFB43-F4FD-4B89-9355-09BC67824A66}"
EndProject
Global
	GlobalSection(SolutionConfigurationPlatforms) = preSolution
		Debug|Any CPU = Debug|Any CPU
		Release|Any CPU = Release|Any CPU
	EndGlobalSection
	GlobalSection(ProjectConfigurationPlatforms) = postSolution
		{D34DFB43-F4FD-4B89-9355-09BC67824A66}.Debug|Any CPU.ActiveCfg = Debug|Any CPU
		{D34DFB43-F4FD-4B89-9355-09BC67824A66}.Debug|Any CPU.Build.0 = Debug|Any CPU
		{D34DFB43-F4FD-4B89-9355-09BC67824A66}.Release|Any CPU.ActiveCfg = Release|Any CPU
		{D34DFB43-F4FD-4B89-9355-09BC67824A66}.Release|Any CPU.Build.0 = Release|Any CPU
		{089A7881-9150-4595-9C35-937E449DB86C}.Debug|Any CPU.ActiveCfg = Debug|Any CPU
		{089A7881-9150-4595-9C35-937E449DB86C}.Debug|Any CPU.Build.0 = Debug|Any CPU
		{089A7881-9150-4595-9C35-937E449DB86C}.Release|Any CPU.ActiveCfg = Release|Any CPU
		{089A7881-9150-4595-9C35-937E449DB86C}.Release|Any CPU.Build.0 = Release|Any CPU
	EndGlobalSection
	GlobalSection(SolutionProperties) = preSolution
		HideSolutionNode = FALSE
	EndGlobalSection
	GlobalSection(ExtensibilityGlobals) = postSolution
		SolutionGuid = {32E9C894-65EB-4F00-B3C2-F12A7A20DF70}
	EndGlobalSection
EndGlobal
